
Microsoft Visual Studio Solution File, Format Version 12.00
# Visual Studio Version 17
VisualStudioVersion = 17.9.34616.47
MinimumVisualStudioVersion = 10.0.40219.1
Project("{8BC9CEB8-8B4A-11D0-8D11-00A0C91BC942}") = "kerbal-landing", "kerbal-landing\kerbal-landing.vcxproj", "{DE6101E8-27AA-4C58-9258-BADB27E1C615}"
EndProject
Global
	GlobalSection(SolutionConfigurationPlatforms) = preSolution
		Debug|x64 = Debug|x64
		Debug|x86 = Debug|x86
		Release|x64 = Release|x64
		Release|x86 = Release|x86
	EndGlobalSection
	GlobalSection(ProjectConfigurationPlatforms) = postSolution
		{DE6101E8-27AA-4C58-9258-BADB27E1C615}.Debug|x64.ActiveCfg = Debug|x64
		{DE6101E8-27AA-4C58-9258-BADB27E1C615}.Debug|x64.Build.0 = Debug|x64
		{DE6101E8-27AA-4C58-9258-BADB27E1C615}.Debug|x86.ActiveCfg = Debug|Win32
		{DE6101E8-27AA-4C58-9258-BADB27E1C615}.Debug|x86.Build.0 = Debug|Win32
		{DE6101E8-27AA-4C58-9258-BADB27E1C615}.Release|x64.ActiveCfg = Release|x64
		{DE6101E8-27AA-4C58-9258-BADB27E1C615}.Release|x64.Build.0 = Release|x64
		{DE6101E8-27AA-4C58-9258-BADB27E1C615}.Release|x86.ActiveCfg = Release|Win32
		{DE6101E8-27AA-4C58-9258-BADB27E1C615}.Release|x86.Build.0 = Release|Win32
	EndGlobalSection
	GlobalSection(SolutionProperties) = preSolution
		HideSolutionNode = FALSE
	EndGlobalSection
	GlobalSection(ExtensibilityGlobals) = postSolution
		SolutionGuid = {56B854AB-0DA1-4313-A8DF-772694515970}
	EndGlobalSection
EndGlobal
